[[package]]
name = "cleo"
version = "2.1.0"
description = "Cleo allows you to create beautiful and testable command-line interfaces."
category = "main"
optional = false
python-versions = ">=3.7,<4.0"

[package.dependencies]
crashtest = ">=0.4.1,<0.5.0"
rapidfuzz = ">=3.0.0,<4.0.0"

[[package]]
name = "colorama"
version = "0.4.6"
description = "Cross-platform colored terminal text."
category = "main"
optional = false
python-versions = "!=3.0.*,!=3.1.*,!=3.2.*,!=3.3.*,!=3.4.*,!=3.5.*,!=3.6.*,>=2.7"

[[package]]
name = "crashtest"
version = "0.4.1"
description = "Manage Python errors with ease"
category = "main"
optional = false
python-versions = ">=3.7,<4.0"

[[package]]
name = "exceptiongroup"
version = "1.2.0"
description = "Backport of PEP 654 (exception groups)"
category = "dev"
optional = false
python-versions = ">=3.7"

[package.extras]
test = ["pytest (>=6)"]

[[package]]
name = "iniconfig"
version = "2.0.0"
description = "brain-dead simple config-ini parsing"
category = "dev"
optional = false
python-versions = ">=3.7"

[[package]]
name = "packaging"
version = "23.2"
description = "Core utilities for Python packages"
category = "dev"
optional = false
python-versions = ">=3.7"

[[package]]
name = "pluggy"
version = "1.3.0"
description = "plugin and hook calling mechanisms for python"
category = "dev"
optional = false
python-versions = ">=3.8"

[package.extras]
dev = ["pre-commit", "tox"]
testing = ["pytest", "pytest-benchmark"]

[[package]]
name = "pytest"
version = "7.4.4"
description = "pytest: simple powerful testing with Python"
category = "dev"
optional = false
python-versions = ">=3.7"

[package.dependencies]
colorama = {version = "*", markers = "sys_platform == \"win32\""}
exceptiongroup = {version = ">=1.0.0rc8", markers = "python_version < \"3.11\""}
iniconfig = "*"
packaging = "*"
pluggy = ">=0.12,<2.0"
tomli = {version = ">=1.0.0", markers = "python_version < \"3.11\""}

[package.extras]
testing = ["argcomplete", "attrs (>=19.2.0)", "hypothesis (>=3.56)", "mock", "nose", "pygments (>=2.7.2)", "requests", "setuptools", "xmlschema"]

[[package]]
name = "rapidfuzz"
version = "3.6.1"
description = "rapid fuzzy string matching"
category = "main"
optional = false
python-versions = ">=3.8"

[package.extras]
full = ["numpy"]

[[package]]
name = "tdqm"
version = "0.0.1"
description = "Alias for typos of tqdm"
category = "main"
optional = false
python-versions = "*"

[package.dependencies]
tqdm = "*"

[[package]]
name = "tomli"
version = "2.0.1"
description = "A lil' TOML parser"
category = "dev"
optional = false
python-versions = ">=3.7"

[[package]]
name = "tqdm"
version = "4.66.1"
description = "Fast, Extensible Progress Meter"
category = "main"
optional = false
python-versions = ">=3.7"

[package.dependencies]
colorama = {version = "*", markers = "platform_system == \"Windows\""}

[package.extras]
dev = ["pytest (>=6)", "pytest-cov", "pytest-timeout", "pytest-xdist"]
notebook = ["ipywidgets (>=6)"]
slack = ["slack-sdk"]
telegram = ["requests"]

[[package]]
name = "unittest"
version = "0.0"
description = ""
category = "dev"
optional = false
python-versions = "*"

[metadata]
lock-version = "1.1"
python-versions = "^3.10"
content-hash = "36ab39350347df653d035169edb9c99c5c584e6dc27db411d0e710aad4dc55c2"

[metadata.files]
cleo = [
    {file = "cleo-2.1.0-py3-none-any.whl", hash = "sha256:4a31bd4dd45695a64ee3c4758f583f134267c2bc518d8ae9a29cf237d009b07e"},
    {file = "cleo-2.1.0.tar.gz", hash = "sha256:0b2c880b5d13660a7ea651001fb4acb527696c01f15c9ee650f377aa543fd523"},
]
colorama = [
    {file = "colorama-0.4.6-py2.py3-none-any.whl", hash = "sha256:4f1d9991f5acc0ca119f9d443620b77f9d6b33703e51011c16baf57afb285fc6"},
    {file = "colorama-0.4.6.tar.gz", hash = "sha256:08695f5cb7ed6e0531a20572697297273c47b8cae5a63ffc6d6ed5c201be6e44"},
]
crashtest = [
    {file = "crashtest-0.4.1-py3-none-any.whl", hash = "sha256:8d23eac5fa660409f57472e3851dab7ac18aba459a8d19cbbba86d3d5aecd2a5"},
    {file = "crashtest-0.4.1.tar.gz", hash = "sha256:80d7b1f316ebfbd429f648076d6275c877ba30ba48979de4191714a75266f0ce"},
]
exceptiongroup = [
    {file = "exceptiongroup-1.2.0-py3-none-any.whl", hash = "sha256:4bfd3996ac73b41e9b9628b04e079f193850720ea5945fc96a08633c66912f14"},
    {file = "exceptiongroup-1.2.0.tar.gz", hash = "sha256:91f5c769735f051a4290d52edd0858999b57e5876e9f85937691bd4c9fa3ed68"},
]
iniconfig = [
    {file = "iniconfig-2.0.0-py3-none-any.whl", hash = "sha256:b6a85871a79d2e3b22d2d1b94ac2824226a63c6b741c88f7ae975f18b6778374"},
    {file = "iniconfig-2.0.0.tar.gz", hash = "sha256:2d91e135bf72d31a410b17c16da610a82cb55f6b0477d1a902134b24a455b8b3"},
]
packaging = [
    {file = "packaging-23.2-py3-none-any.whl", hash = "sha256:8c491190033a9af7e1d931d0b5dacc2ef47509b34dd0de67ed209b5203fc88c7"},
    {file = "packaging-23.2.tar.gz", hash = "sha256:048fb0e9405036518eaaf48a55953c750c11e1a1b68e0dd1a9d62ed0c092cfc5"},
]
pluggy = [
    {file = "pluggy-1.3.0-py3-none-any.whl", hash = "sha256:d89c696a773f8bd377d18e5ecda92b7a3793cbe66c87060a6fb58c7b6e1061f7"},
    {file = "pluggy-1.3.0.tar.gz", hash = "sha256:cf61ae8f126ac6f7c451172cf30e3e43d3ca77615509771b3a984a0730651e12"},
]
pytest = [
    {file = "pytest-7.4.4-py3-none-any.whl", hash = "sha256:b090cdf5ed60bf4c45261be03239c2c1c22df034fbffe691abe93cd80cea01d8"},
    {file = "pytest-7.4.4.tar.gz", hash = "sha256:2cf0005922c6ace4a3e2ec8b4080eb0d9753fdc93107415332f50ce9e7994280"},
]
rapidfuzz = [
    {file = "rapidfuzz-3.6.1-cp310-cp310-macosx_10_9_universal2.whl", hash = "sha256:ac434fc71edda30d45db4a92ba5e7a42c7405e1a54cb4ec01d03cc668c6dcd40"},
    {file = "rapidfuzz-3.6.1-cp310-cp310-macosx_10_9_x86_64.whl", hash = "sha256:2a791168e119cfddf4b5a40470620c872812042f0621e6a293983a2d52372db0"},
    {file = "rapidfuzz-3.6.1-cp310-cp310-macosx_11_0_arm64.whl", hash = "sha256:5a2f3e9df346145c2be94e4d9eeffb82fab0cbfee85bd4a06810e834fe7c03fa"},
    {file = "rapidfuzz-3.6.1-cp310-cp310-manylinux_2_17_aarch64.manylinux2014_aarch64.whl", hash = "sha256:23de71e7f05518b0bbeef55d67b5dbce3bcd3e2c81e7e533051a2e9401354eb0"},
    {file = "rapidfuzz-3.6.1-cp310-cp310-manylinux_2_17_i686.manylinux2014_i686.whl", hash = "sha256:d056e342989248d2bdd67f1955bb7c3b0ecfa239d8f67a8dfe6477b30872c607"},
    {file = "rapidfuzz-3.6.1-cp310-cp310-manylinux_2_17_ppc64le.manylinux2014_ppc64le.whl", hash = "sha256:01835d02acd5d95c1071e1da1bb27fe213c84a013b899aba96380ca9962364bc"},
    {file = "rapidfuzz-3.6.1-cp310-cp310-manylinux_2_17_s390x.manylinux2014_s390x.whl", hash = "sha256:ed0f712e0bb5fea327e92aec8a937afd07ba8de4c529735d82e4c4124c10d5a0"},
    {file = "rapidfuzz-3.6.1-cp310-cp310-manylinux_2_17_x86_64.manylinux2014_x86_64.whl", hash = "sha256:96cd19934f76a1264e8ecfed9d9f5291fde04ecb667faef5f33bdbfd95fe2d1f"},
    {file = "rapidfuzz-3.6.1-cp310-cp310-musllinux_1_1_aarch64.whl", hash = "sha256:e06c4242a1354cf9d48ee01f6f4e6e19c511d50bb1e8d7d20bcadbb83a2aea90"},
    {file = "rapidfuzz-3.6.1-cp310-cp310-musllinux_1_1_i686.whl", hash = "sha256:d73dcfe789d37c6c8b108bf1e203e027714a239e50ad55572ced3c004424ed3b"},
    {file = "rapidfuzz-3.6.1-cp310-cp310-musllinux_1_1_ppc64le.whl", hash = "sha256:06e98ff000e2619e7cfe552d086815671ed09b6899408c2c1b5103658261f6f3"},
    {file = "rapidfuzz-3.6.1-cp310-cp310-musllinux_1_1_s390x.whl", hash = "sha256:08b6fb47dd889c69fbc0b915d782aaed43e025df6979b6b7f92084ba55edd526"},
    {file = "rapidfuzz-3.6.1-cp310-cp310-musllinux_1_1_x86_64.whl", hash = "sha256:a1788ebb5f5b655a15777e654ea433d198f593230277e74d51a2a1e29a986283"},
    {file = "rapidfuzz-3.6.1-cp310-cp310-win32.whl", hash = "sha256:c65f92881753aa1098c77818e2b04a95048f30edbe9c3094dc3707d67df4598b"},
    {file = "rapidfuzz-3.6.1-cp310-cp310-win_amd64.whl", hash = "sha256:4243a9c35667a349788461aae6471efde8d8800175b7db5148a6ab929628047f"},
    {file = "rapidfuzz-3.6.1-cp310-cp310-win_arm64.whl", hash = "sha256:f59d19078cc332dbdf3b7b210852ba1f5db8c0a2cd8cc4c0ed84cc00c76e6802"},
    {file = "rapidfuzz-3.6.1-cp311-cp311-macosx_10_9_universal2.whl", hash = "sha256:fbc07e2e4ac696497c5f66ec35c21ddab3fc7a406640bffed64c26ab2f7ce6d6"},
    {file = "rapidfuzz-3.6.1-cp311-cp311-macosx_10_9_x86_64.whl", hash = "sha256:40cced1a8852652813f30fb5d4b8f9b237112a0bbaeebb0f4cc3611502556764"},
    {file = "rapidfuzz-3.6.1-cp311-cp311-macosx_11_0_arm64.whl", hash = "sha256:82300e5f8945d601c2daaaac139d5524d7c1fdf719aa799a9439927739917460"},
    {file = "rapidfuzz-3.6.1-cp311-cp311-manylinux_2_17_aarch64.manylinux2014_aarch64.whl", hash = "sha256:edf97c321fd641fea2793abce0e48fa4f91f3c202092672f8b5b4e781960b891"},
    {file = "rapidfuzz-3.6.1-cp311-cp311-manylinux_2_17_i686.manylinux2014_i686.whl", hash = "sha256:7420e801b00dee4a344ae2ee10e837d603461eb180e41d063699fb7efe08faf0"},
    {file = "rapidfuzz-3.6.1-cp311-cp311-manylinux_2_17_ppc64le.manylinux2014_ppc64le.whl", hash = "sha256:060bd7277dc794279fa95522af355034a29c90b42adcb7aa1da358fc839cdb11"},
    {file = "rapidfuzz-3.6.1-cp311-cp311-manylinux_2_17_s390x.manylinux2014_s390x.whl", hash = "sha256:b7e3375e4f2bfec77f907680328e4cd16cc64e137c84b1886d547ab340ba6928"},
    {file = "rapidfuzz-3.6.1-cp311-cp311-manylinux_2_17_x86_64.manylinux2014_x86_64.whl", hash = "sha256:a490cd645ef9d8524090551016f05f052e416c8adb2d8b85d35c9baa9d0428ab"},
    {file = "rapidfuzz-3.6.1-cp311-cp311-musllinux_1_1_aarch64.whl", hash = "sha256:2e03038bfa66d2d7cffa05d81c2f18fd6acbb25e7e3c068d52bb7469e07ff382"},
    {file = "rapidfuzz-3.6.1-cp311-cp311-musllinux_1_1_i686.whl", hash = "sha256:2b19795b26b979c845dba407fe79d66975d520947b74a8ab6cee1d22686f7967"},
    {file = "rapidfuzz-3.6.1-cp311-cp311-musllinux_1_1_ppc64le.whl", hash = "sha256:064c1d66c40b3a0f488db1f319a6e75616b2e5fe5430a59f93a9a5e40a656d15"},
    {file = "rapidfuzz-3.6.1-cp311-cp311-musllinux_1_1_s390x.whl", hash = "sha256:3c772d04fb0ebeece3109d91f6122b1503023086a9591a0b63d6ee7326bd73d9"},
    {file = "rapidfuzz-3.6.1-cp311-cp311-musllinux_1_1_x86_64.whl", hash = "sha256:841eafba6913c4dfd53045835545ba01a41e9644e60920c65b89c8f7e60c00a9"},
    {file = "rapidfuzz-3.6.1-cp311-cp311-win32.whl", hash = "sha256:266dd630f12696ea7119f31d8b8e4959ef45ee2cbedae54417d71ae6f47b9848"},
    {file = "rapidfuzz-3.6.1-cp311-cp311-win_amd64.whl", hash = "sha256:d79aec8aeee02ab55d0ddb33cea3ecd7b69813a48e423c966a26d7aab025cdfe"},
    {file = "rapidfuzz-3.6.1-cp311-cp311-win_arm64.whl", hash = "sha256:484759b5dbc5559e76fefaa9170147d1254468f555fd9649aea3bad46162a88b"},
    {file = "rapidfuzz-3.6.1-cp312-cp312-macosx_10_9_universal2.whl", hash = "sha256:b2ef4c0fd3256e357b70591ffb9e8ed1d439fb1f481ba03016e751a55261d7c1"},
    {file = "rapidfuzz-3.6.1-cp312-cp312-macosx_10_9_x86_64.whl", hash = "sha256:588c4b20fa2fae79d60a4e438cf7133d6773915df3cc0a7f1351da19eb90f720"},
    {file = "rapidfuzz-3.6.1-cp312-cp312-macosx_11_0_arm64.whl", hash = "sha256:7142ee354e9c06e29a2636b9bbcb592bb00600a88f02aa5e70e4f230347b373e"},
    {file = "rapidfuzz-3.6.1-cp312-cp312-manylinux_2_17_aarch64.manylinux2014_aarch64.whl", hash = "sha256:1dfc557c0454ad22382373ec1b7df530b4bbd974335efe97a04caec936f2956a"},
    {file = "rapidfuzz-3.6.1-cp312-cp312-manylinux_2_17_i686.manylinux2014_i686.whl", hash = "sha256:03f73b381bdeccb331a12c3c60f1e41943931461cdb52987f2ecf46bfc22f50d"},
    {file = "rapidfuzz-3.6.1-cp312-cp312-manylinux_2_17_ppc64le.manylinux2014_ppc64le.whl", hash = "sha256:6b0ccc2ec1781c7e5370d96aef0573dd1f97335343e4982bdb3a44c133e27786"},
    {file = "rapidfuzz-3.6.1-cp312-cp312-manylinux_2_17_s390x.manylinux2014_s390x.whl", hash = "sha256:da3e8c9f7e64bb17faefda085ff6862ecb3ad8b79b0f618a6cf4452028aa2222"},
    {file = "rapidfuzz-3.6.1-cp312-cp312-manylinux_2_17_x86_64.manylinux2014_x86_64.whl", hash = "sha256:fde9b14302a31af7bdafbf5cfbb100201ba21519be2b9dedcf4f1048e4fbe65d"},
    {file = "rapidfuzz-3.6.1-cp312-cp312-musllinux_1_1_aarch64.whl", hash = "sha256:c1a23eee225dfb21c07f25c9fcf23eb055d0056b48e740fe241cbb4b22284379"},
    {file = "rapidfuzz-3.6.1-cp312-cp312-musllinux_1_1_i686.whl", hash = "sha256:e49b9575d16c56c696bc7b06a06bf0c3d4ef01e89137b3ddd4e2ce709af9fe06"},
    {file = "rapidfuzz-3.6.1-cp312-cp312-musllinux_1_1_ppc64le.whl", hash = "sha256:0a9fc714b8c290261669f22808913aad49553b686115ad0ee999d1cb3df0cd66"},
    {file = "rapidfuzz-3.6.1-cp312-cp312-musllinux_1_1_s390x.whl", hash = "sha256:a3ee4f8f076aa92184e80308fc1a079ac356b99c39408fa422bbd00145be9854"},
    {file = "rapidfuzz-3.6.1-cp312-cp312-musllinux_1_1_x86_64.whl", hash = "sha256:f056ba42fd2f32e06b2c2ba2443594873cfccc0c90c8b6327904fc2ddf6d5799"},
    {file = "rapidfuzz-3.6.1-cp312-cp312-win32.whl", hash = "sha256:5d82b9651e3d34b23e4e8e201ecd3477c2baa17b638979deeabbb585bcb8ba74"},
    {file = "rapidfuzz-3.6.1-cp312-cp312-win_amd64.whl", hash = "sha256:dad55a514868dae4543ca48c4e1fc0fac704ead038dafedf8f1fc0cc263746c1"},
    {file = "rapidfuzz-3.6.1-cp312-cp312-win_arm64.whl", hash = "sha256:3c84294f4470fcabd7830795d754d808133329e0a81d62fcc2e65886164be83b"},
    {file = "rapidfuzz-3.6.1-cp38-cp38-macosx_10_9_universal2.whl", hash = "sha256:e19d519386e9db4a5335a4b29f25b8183a1c3f78cecb4c9c3112e7f86470e37f"},
    {file = "rapidfuzz-3.6.1-cp38-cp38-macosx_10_9_x86_64.whl", hash = "sha256:01eb03cd880a294d1bf1a583fdd00b87169b9cc9c9f52587411506658c864d73"},
    {file = "rapidfuzz-3.6.1-cp38-cp38-macosx_11_0_arm64.whl", hash = "sha256:be368573255f8fbb0125a78330a1a40c65e9ba3c5ad129a426ff4289099bfb41"},
    {file = "rapidfuzz-3.6.1-cp38-cp38-manylinux_2_17_aarch64.manylinux2014_aarch64.whl", hash = "sha256:b3e5af946f419c30f5cb98b69d40997fe8580efe78fc83c2f0f25b60d0e56efb"},
    {file = "rapidfuzz-3.6.1-cp38-cp38-manylinux_2_17_i686.manylinux2014_i686.whl", hash = "sha256:f382f7ffe384ce34345e1c0b2065451267d3453cadde78946fbd99a59f0cc23c"},
    {file = "rapidfuzz-3.6.1-cp38-cp38-manylinux_2_17_ppc64le.manylinux2014_ppc64le.whl", hash = "sha256:be156f51f3a4f369e758505ed4ae64ea88900dcb2f89d5aabb5752676d3f3d7e"},
    {file = "rapidfuzz-3.6.1-cp38-cp38-manylinux_2_17_s390x.manylinux2014_s390x.whl", hash = "sha256:1936d134b6c513fbe934aeb668b0fee1ffd4729a3c9d8d373f3e404fbb0ce8a0"},
    {file = "rapidfuzz-3.6.1-cp38-cp38-manylinux_2_17_x86_64.manylinux2014_x86_64.whl", hash = "sha256:12ff8eaf4a9399eb2bebd838f16e2d1ded0955230283b07376d68947bbc2d33d"},
    {file = "rapidfuzz-3.6.1-cp38-cp38-musllinux_1_1_aarch64.whl", hash = "sha256:ae598a172e3a95df3383634589660d6b170cc1336fe7578115c584a99e0ba64d"},
    {file = "rapidfuzz-3.6.1-cp38-cp38-musllinux_1_1_i686.whl", hash = "sha256:cd4ba4c18b149da11e7f1b3584813159f189dc20833709de5f3df8b1342a9759"},
    {file = "rapidfuzz-3.6.1-cp38-cp38-musllinux_1_1_ppc64le.whl", hash = "sha256:0402f1629e91a4b2e4aee68043a30191e5e1b7cd2aa8dacf50b1a1bcf6b7d3ab"},
    {file = "rapidfuzz-3.6.1-cp38-cp38-musllinux_1_1_s390x.whl", hash = "sha256:1e12319c6b304cd4c32d5db00b7a1e36bdc66179c44c5707f6faa5a889a317c0"},
    {file = "rapidfuzz-3.6.1-cp38-cp38-musllinux_1_1_x86_64.whl", hash = "sha256:0bbfae35ce4de4c574b386c43c78a0be176eeddfdae148cb2136f4605bebab89"},
    {file = "rapidfuzz-3.6.1-cp38-cp38-win32.whl", hash = "sha256:7fec74c234d3097612ea80f2a80c60720eec34947066d33d34dc07a3092e8105"},
    {file = "rapidfuzz-3.6.1-cp38-cp38-win_amd64.whl", hash = "sha256:a553cc1a80d97459d587529cc43a4c7c5ecf835f572b671107692fe9eddf3e24"},
    {file = "rapidfuzz-3.6.1-cp39-cp39-macosx_10_9_universal2.whl", hash = "sha256:757dfd7392ec6346bd004f8826afb3bf01d18a723c97cbe9958c733ab1a51791"},
    {file = "rapidfuzz-3.6.1-cp39-cp39-macosx_10_9_x86_64.whl", hash = "sha256:2963f4a3f763870a16ee076796be31a4a0958fbae133dbc43fc55c3968564cf5"},
    {file = "rapidfuzz-3.6.1-cp39-cp39-macosx_11_0_arm64.whl", hash = "sha256:d2f0274595cc5b2b929c80d4e71b35041104b577e118cf789b3fe0a77b37a4c5"},
    {file = "rapidfuzz-3.6.1-cp39-cp39-manylinux_2_17_aarch64.manylinux2014_aarch64.whl", hash = "sha256:42f211e366e026de110a4246801d43a907cd1a10948082f47e8a4e6da76fef52"},
    {file = "rapidfuzz-3.6.1-cp39-cp39-manylinux_2_17_i686.manylinux2014_i686.whl", hash = "sha256:a59472b43879012b90989603aa5a6937a869a72723b1bf2ff1a0d1edee2cc8e6"},
    {file = "rapidfuzz-3.6.1-cp39-cp39-manylinux_2_17_ppc64le.manylinux2014_ppc64le.whl", hash = "sha256:a03863714fa6936f90caa7b4b50ea59ea32bb498cc91f74dc25485b3f8fccfe9"},
    {file = "rapidfuzz-3.6.1-cp39-cp39-manylinux_2_17_s390x.manylinux2014_s390x.whl", hash = "sha256:5dd95b6b7bfb1584f806db89e1e0c8dbb9d25a30a4683880c195cc7f197eaf0c"},
    {file = "rapidfuzz-3.6.1-cp39-cp39-manylinux_2_17_x86_64.manylinux2014_x86_64.whl", hash = "sha256:7183157edf0c982c0b8592686535c8b3e107f13904b36d85219c77be5cefd0d8"},
    {file = "rapidfuzz-3.6.1-cp39-cp39-musllinux_1_1_aarch64.whl", hash = "sha256:ad9d74ef7c619b5b0577e909582a1928d93e07d271af18ba43e428dc3512c2a1"},
    {file = "rapidfuzz-3.6.1-cp39-cp39-musllinux_1_1_i686.whl", hash = "sha256:b53137d81e770c82189e07a8f32722d9e4260f13a0aec9914029206ead38cac3"},
    {file = "rapidfuzz-3.6.1-cp39-cp39-musllinux_1_1_ppc64le.whl", hash = "sha256:49b9ed2472394d306d5dc967a7de48b0aab599016aa4477127b20c2ed982dbf9"},
    {file = "rapidfuzz-3.6.1-cp39-cp39-musllinux_1_1_s390x.whl", hash = "sha256:dec307b57ec2d5054d77d03ee4f654afcd2c18aee00c48014cb70bfed79597d6"},
    {file = "rapidfuzz-3.6.1-cp39-cp39-musllinux_1_1_x86_64.whl", hash = "sha256:4381023fa1ff32fd5076f5d8321249a9aa62128eb3f21d7ee6a55373e672b261"},
    {file = "rapidfuzz-3.6.1-cp39-cp39-win32.whl", hash = "sha256:8d7a072f10ee57c8413c8ab9593086d42aaff6ee65df4aa6663eecdb7c398dca"},
    {file = "rapidfuzz-3.6.1-cp39-cp39-win_amd64.whl", hash = "sha256:ebcfb5bfd0a733514352cfc94224faad8791e576a80ffe2fd40b2177bf0e7198"},
    {file = "rapidfuzz-3.6.1-cp39-cp39-win_arm64.whl", hash = "sha256:1c47d592e447738744905c18dda47ed155620204714e6df20eb1941bb1ba315e"},
    {file = "rapidfuzz-3.6.1-pp38-pypy38_pp73-macosx_10_9_x86_64.whl", hash = "sha256:eef8b346ab331bec12bbc83ac75641249e6167fab3d84d8f5ca37fd8e6c7a08c"},
    {file = "rapidfuzz-3.6.1-pp38-pypy38_pp73-manylinux_2_17_aarch64.manylinux2014_aarch64.whl", hash = "sha256:53251e256017e2b87f7000aee0353ba42392c442ae0bafd0f6b948593d3f68c6"},
    {file = "rapidfuzz-3.6.1-pp38-pypy38_pp73-manylinux_2_17_i686.manylinux2014_i686.whl", hash = "sha256:6dede83a6b903e3ebcd7e8137e7ff46907ce9316e9d7e7f917d7e7cdc570ee05"},
    {file = "rapidfuzz-3.6.1-pp38-pypy38_pp73-manylinux_2_17_x86_64.manylinux2014_x86_64.whl", hash = "sha256:8e4da90e4c2b444d0a171d7444ea10152e07e95972bb40b834a13bdd6de1110c"},
    {file = "rapidfuzz-3.6.1-pp38-pypy38_pp73-win_amd64.whl", hash = "sha256:ca3dfcf74f2b6962f411c33dd95b0adf3901266e770da6281bc96bb5a8b20de9"},
    {file = "rapidfuzz-3.6.1-pp39-pypy39_pp73-macosx_10_9_x86_64.whl", hash = "sha256:bcc957c0a8bde8007f1a8a413a632a1a409890f31f73fe764ef4eac55f59ca87"},
    {file = "rapidfuzz-3.6.1-pp39-pypy39_pp73-manylinux_2_17_aarch64.manylinux2014_aarch64.whl", hash = "sha256:692c9a50bea7a8537442834f9bc6b7d29d8729a5b6379df17c31b6ab4df948c2"},
    {file = "rapidfuzz-3.6.1-pp39-pypy39_pp73-manylinux_2_17_i686.manylinux2014_i686.whl", hash = "sha256:76c23ceaea27e790ddd35ef88b84cf9d721806ca366199a76fd47cfc0457a81b"},
    {file = "rapidfuzz-3.6.1-pp39-pypy39_pp73-manylinux_2_17_x86_64.manylinux2014_x86_64.whl", hash = "sha256:2b155e67fff215c09f130555002e42f7517d0ea72cbd58050abb83cb7c880cec"},
    {file = "rapidfuzz-3.6.1-pp39-pypy39_pp73-win_amd64.whl", hash = "sha256:3028ee8ecc48250607fa8a0adce37b56275ec3b1acaccd84aee1f68487c8557b"},
    {file = "rapidfuzz-3.6.1.tar.gz", hash = "sha256:35660bee3ce1204872574fa041c7ad7ec5175b3053a4cb6e181463fc07013de7"},
]
tdqm = [
    {file = "tdqm-0.0.1-py2-none-any.whl", hash = "sha256:85680e5b7d78470cd80f87f348180f3fc924afe799f472e0f2e71bc82927e0c1"},
    {file = "tdqm-0.0.1.tar.gz", hash = "sha256:f050004a76b1d22f70b78209b48781353c82440215b6ba7d22b1f499b05a0101"},
]
tomli = [
    {file = "tomli-2.0.1-py3-none-any.whl", hash = "sha256:939de3e7a6161af0c887ef91b7d41a53e7c5a1ca976325f429cb46ea9bc30ecc"},
    {file = "tomli-2.0.1.tar.gz", hash = "sha256:de526c12914f0c550d15924c62d72abc48d6fe7364aa87328337a31007fe8a4f"},
]
tqdm = [
    {file = "tqdm-4.66.1-py3-none-any.whl", hash = "sha256:d302b3c5b53d47bce91fea46679d9c3c6508cf6332229aa1e7d8653723793386"},
    {file = "tqdm-4.66.1.tar.gz", hash = "sha256:d88e651f9db8d8551a62556d3cff9e3034274ca5d66e93197cf2490e2dcb69c7"},
]
unittest = [
    {file = "unittest2-0.0.0.tar.gz", hash = "sha256:1b492484bea7f68abda5fcc61412e77b6a105e5842355d630f8b75f01add3555"},
]
